{
    "version": "0.5",
    "requires": [
        "zlib/1.3.2#1cb806da49011867778ffb6ac7190fcb%1777558780.503",
        "zenoh-cpp/1.9.0#fdee24b0752e8d3baa9bfcdb7a6608fb%1779627843.8156946",
        "zenoh-c/1.9.0#c34196b5eb88439e37e791a846ec1617%1779627843.792894",
        "protobuf/5.29.3#2106fa74a66b9c0166a38dd01c74c88e%1768401322.455",
        "gtest/1.17.0#5224b3b3ff3b4ce1133cbdd27d53ee7d%1755784855.585",
        "abseil/20240722.0#3637a5b64348906d1474ed0f52c506b0%1773137907.08"
    ],
    "build_requires": [
        "zlib/1.3.2#1cb806da49011867778ffb6ac7190fcb%1777558780.503",
        "protobuf/5.29.3#2106fa74a66b9c0166a38dd01c74c88e%1768401322.455",
        "cmake/4.3.2#c740c22f711eb5ef0cec51c40b84657b%1776934625.055",
        "abseil/20240722.0#3637a5b64348906d1474ed0f52c506b0%1773137907.08"
    ],
    "python_requires": [],
    "overrides": {
        "abseil/[>=20230802.1 <=20250127.0]": [
            "abseil/20240722.0"
        ]
    },
    "config_requires": []
}
